
Microsoft Visual Studio Solution File, Format Version 12.00
# Visual Studio Version 17
VisualStudioVersion = 17.0.31919.166
MinimumVisualStudioVersion = 10.0.40219.1
Project("{9A19103F-16F7-4668-BE54-9A1E7A4F7556}") = "Module3HW7", "ConsoleApp3\Module3HW7.csproj", "{DDBFEBD7-F27E-4ADC-B354-42DEF2750F04}"
EndProject
Global
	GlobalSection(SolutionConfigurationPlatforms) = preSolution
		Debug|Any CPU = Debug|Any CPU
		Release|Any CPU = Release|Any CPU
	EndGlobalSection
	GlobalSection(ProjectConfigurationPlatforms) = postSolution
		{DDBFEBD7-F27E-4ADC-B354-42DEF2750F04}.Debug|Any CPU.ActiveCfg = Debug|Any CPU
		{DDBFEBD7-F27E-4ADC-B354-42DEF2750F04}.Debug|Any CPU.Build.0 = Debug|Any CPU
		{DDBFEBD7-F27E-4ADC-B354-42DEF2750F04}.Release|Any CPU.ActiveCfg = Release|Any CPU
		{DDBFEBD7-F27E-4ADC-B354-42DEF2750F04}.Release|Any CPU.Build.0 = Release|Any CPU
	EndGlobalSection
	GlobalSection(SolutionProperties) = preSolution
		HideSolutionNode = FALSE
	EndGlobalSection
	GlobalSection(ExtensibilityGlobals) = postSolution
		SolutionGuid = {F1621B81-971F-40ED-9750-FC9E22072BF7}
	EndGlobalSection
EndGlobal
